
Microsoft Visual Studio Solution File, Format Version 12.00
# Visual Studio 2013
VisualStudioVersion = 12.0.40629.0
MinimumVisualStudioVersion = 10.0.40219.1
Project("{FAE04EC0-301F-11D3-BF4B-00C04F79EFBC}") = "2014222405", "2014222405\2014222405.csproj", "{9527B892-92C3-49BA-B125-986173DA36D9}"
EndProject
Global
	GlobalSection(SolutionConfigurationPlatforms) = preSolution
		Debug|Any CPU = Debug|Any CPU
		Release|Any CPU = Release|Any CPU
	EndGlobalSection
	GlobalSection(ProjectConfigurationPlatforms) = postSolution
		{9527B892-92C3-49BA-B125-986173DA36D9}.Debug|Any CPU.ActiveCfg = Debug|Any CPU
		{9527B892-92C3-49BA-B125-986173DA36D9}.Debug|Any CPU.Build.0 = Debug|Any CPU
		{9527B892-92C3-49BA-B125-986173DA36D9}.Release|Any CPU.ActiveCfg = Release|Any CPU
		{9527B892-92C3-49BA-B125-986173DA36D9}.Release|Any CPU.Build.0 = Release|Any CPU
	EndGlobalSection
	GlobalSection(SolutionProperties) = preSolution
		HideSolutionNode = FALSE
	EndGlobalSection
EndGlobal
